
Microsoft Visual Studio Solution File, Format Version 12.00
# Visual Studio 15
VisualStudioVersion = 15.0.27428.2015
MinimumVisualStudioVersion = 10.0.40219.1
Project("{FAE04EC0-301F-11D3-BF4B-00C04F79EFBC}") = "IO.Swagger", "csharp-client\src\IO.Swagger\IO.Swagger.csproj", "{A7EE323E-B3DB-42AA-A57D-ADBAB7FF7999}"
EndProject
Project("{FAE04EC0-301F-11D3-BF4B-00C04F79EFBC}") = "IO.Swagger.Test", "csharp-client\src\IO.Swagger.Test\IO.Swagger.Test.csproj", "{19F1DEBC-DE5E-4517-8062-F000CD499087}"
EndProject
Project("{2150E333-8FDC-42A3-9474-1A3956D46DE8}") = "IO.Swagger.Client", "IO.Swagger.Client", "{36F6879A-1804-4A14-9935-B13F4A534B0C}"
EndProject
Project("{FAE04EC0-301F-11D3-BF4B-00C04F79EFBC}") = "vAutoApiTest", "vAutoApiTest\vAutoApiTest.csproj", "{24E2EF3F-D8D0-46A4-93A7-D83EB3DFD20D}"
EndProject
Global
	GlobalSection(SolutionConfigurationPlatforms) = preSolution
		Debug|Any CPU = Debug|Any CPU
		Release|Any CPU = Release|Any CPU
	EndGlobalSection
	GlobalSection(ProjectConfigurationPlatforms) = postSolution
		{A7EE323E-B3DB-42AA-A57D-ADBAB7FF7999}.Debug|Any CPU.ActiveCfg = Debug|Any CPU
		{A7EE323E-B3DB-42AA-A57D-ADBAB7FF7999}.Debug|Any CPU.Build.0 = Debug|Any CPU
		{A7EE323E-B3DB-42AA-A57D-ADBAB7FF7999}.Release|Any CPU.ActiveCfg = Release|Any CPU
		{A7EE323E-B3DB-42AA-A57D-ADBAB7FF7999}.Release|Any CPU.Build.0 = Release|Any CPU
		{19F1DEBC-DE5E-4517-8062-F000CD499087}.Debug|Any CPU.ActiveCfg = Debug|Any CPU
		{19F1DEBC-DE5E-4517-8062-F000CD499087}.Debug|Any CPU.Build.0 = Debug|Any CPU
		{19F1DEBC-DE5E-4517-8062-F000CD499087}.Release|Any CPU.ActiveCfg = Release|Any CPU
		{19F1DEBC-DE5E-4517-8062-F000CD499087}.Release|Any CPU.Build.0 = Release|Any CPU
		{24E2EF3F-D8D0-46A4-93A7-D83EB3DFD20D}.Debug|Any CPU.ActiveCfg = Debug|Any CPU
		{24E2EF3F-D8D0-46A4-93A7-D83EB3DFD20D}.Debug|Any CPU.Build.0 = Debug|Any CPU
		{24E2EF3F-D8D0-46A4-93A7-D83EB3DFD20D}.Release|Any CPU.ActiveCfg = Release|Any CPU
		{24E2EF3F-D8D0-46A4-93A7-D83EB3DFD20D}.Release|Any CPU.Build.0 = Release|Any CPU
	EndGlobalSection
	GlobalSection(SolutionProperties) = preSolution
		HideSolutionNode = FALSE
	EndGlobalSection
	GlobalSection(NestedProjects) = preSolution
		{A7EE323E-B3DB-42AA-A57D-ADBAB7FF7999} = {36F6879A-1804-4A14-9935-B13F4A534B0C}
		{19F1DEBC-DE5E-4517-8062-F000CD499087} = {36F6879A-1804-4A14-9935-B13F4A534B0C}
	EndGlobalSection
	GlobalSection(ExtensibilityGlobals) = postSolution
		SolutionGuid = {1A6DF560-8F1D-44BA-99EF-1F0EA7336DF5}
	EndGlobalSection
EndGlobal
